// !$*UTF8*$!
{
	archiveVersion = 1;
	classes = {
	};
	objectVersion = 55;
	objects = {

/* Begin PBXBuildFile section */
		1CBD884CCF32BDA795E17ADB /* Pods_udemy_alamofire_puan.framework in Frameworks */ = {isa = PBXBuildFile; fileRef = 596DD590805E2C20CEE5D757 /* Pods_udemy_alamofire_puan.framework */; };
		DA303F0A28301AF30078B425 /* AppDelegate.swift in Sources */ = {isa = PBXBuildFile; fileRef = DA303F0928301AF30078B425 /* AppDelegate.swift */; };
		DA303F0C28301AF30078B425 /* SceneDelegate.swift in Sources */ = {isa = PBXBuildFile; fileRef = DA303F0B28301AF30078B425 /* SceneDelegate.swift */; };
		DA303F0E28301AF30078B425 /* ViewController.swift in Sources */ = {isa = PBXBuildFile; fileRef = DA303F0D28301AF30078B425 /* ViewController.swift */; };
		DA303F1128301AF30078B425 /* Main.storyboard in Resources */ = {isa = PBXBuildFile; fileRef = DA303F0F28301AF30078B425 /* Main.storyboard */; };
		DA303F1328301AF40078B425 /* Assets.xcassets in Resources */ = {isa = PBXBuildFile; fileRef = DA303F1228301AF40078B425 /* Assets.xcassets */; };
		DA303F1628301AF40078B425 /* LaunchScreen.storyboard in Resources */ = {isa = PBXBuildFile; fileRef = DA303F1428301AF40078B425 /* LaunchScreen.storyboard */; };
		DA303F2128301B540078B425 /* NotHucreTableViewCell.swift in Sources */ = {isa = PBXBuildFile; fileRef = DA303F1D28301B530078B425 /* NotHucreTableViewCell.swift */; };
		DA303F2228301B540078B425 /* NotEkleViewController.swift in Sources */ = {isa = PBXBuildFile; fileRef = DA303F1E28301B540078B425 /* NotEkleViewController.swift */; };
		DA303F2328301B540078B425 /* Notlar.swift in Sources */ = {isa = PBXBuildFile; fileRef = DA303F1F28301B540078B425 /* Notlar.swift */; };
		DA303F2428301B540078B425 /* NotDetayViewController.swift in Sources */ = {isa = PBXBuildFile; fileRef = DA303F2028301B540078B425 /* NotDetayViewController.swift */; };
/* End PBXBuildFile section */

/* Begin PBXFileReference section */
		2B589AD39D46CA9DA7D2A8E4 /* Pods-udemy_alamofire_puan.debug.xcconfig */ = {isa = PBXFileReference; includeInIndex = 1; lastKnownFileType = text.xcconfig; name = "Pods-udemy_alamofire_puan.debug.xcconfig"; path = "Target Support Files/Pods-udemy_alamofire_puan/Pods-udemy_alamofire_puan.debug.xcconfig"; sourceTree = "<group>"; };
		596DD590805E2C20CEE5D757 /* Pods_udemy_alamofire_puan.framework */ = {isa = PBXFileReference; explicitFileType = wrapper.framework; includeInIndex = 0; path = Pods_udemy_alamofire_puan.framework; sourceTree = BUILT_PRODUCTS_DIR; };
		78A20AA9DFCCC1E2E586133A /* Pods-udemy_alamofire_puan.release.xcconfig */ = {isa = PBXFileReference; includeInIndex = 1; lastKnownFileType = text.xcconfig; name = "Pods-udemy_alamofire_puan.release.xcconfig"; path = "Target Support Files/Pods-udemy_alamofire_puan/Pods-udemy_alamofire_puan.release.xcconfig"; sourceTree = "<group>"; };
		DA303F0628301AF30078B425 /* udemy_alamofire_puan.app */ = {isa = PBXFileReference; explicitFileType = wrapper.application; includeInIndex = 0; path = udemy_alamofire_puan.app; sourceTree = BUILT_PRODUCTS_DIR; };
		DA303F0928301AF30078B425 /* AppDelegate.swift */ = {isa = PBXFileReference; lastKnownFileType = sourcecode.swift; path = AppDelegate.swift; sourceTree = "<group>"; };
		DA303F0B28301AF30078B425 /* SceneDelegate.swift */ = {isa = PBXFileReference; lastKnownFileType = sourcecode.swift; path = SceneDelegate.swift; sourceTree = "<group>"; };
		DA303F0D28301AF30078B425 /* ViewController.swift */ = {isa = PBXFileReference; lastKnownFileType = sourcecode.swift; path = ViewController.swift; sourceTree = "<group>"; };
		DA303F1028301AF30078B425 /* Base */ = {isa = PBXFileReference; lastKnownFileType = file.storyboard; name = Base; path = Base.lproj/Main.storyboard; sourceTree = "<group>"; };
		DA303F1228301AF40078B425 /* Assets.xcassets */ = {isa = PBXFileReference; lastKnownFileType = folder.assetcatalog; path = Assets.xcassets; sourceTree = "<group>"; };
		DA303F1528301AF40078B425 /* Base */ = {isa = PBXFileReference; lastKnownFileType = file.storyboard; name = Base; path = Base.lproj/LaunchScreen.storyboard; sourceTree = "<group>"; };
		DA303F1728301AF40078B425 /* Info.plist */ = {isa = PBXFileReference; lastKnownFileType = text.plist.xml; path = Info.plist; sourceTree = "<group>"; };
		DA303F1D28301B530078B425 /* NotHucreTableViewCell.swift */ = {isa = PBXFileReference; fileEncoding = 4; lastKnownFileType = sourcecode.swift; path = NotHucreTableViewCell.swift; sourceTree = "<group>"; };
		DA303F1E28301B540078B425 /* NotEkleViewController.swift */ = {isa = PBXFileReference; fileEncoding = 4; lastKnownFileType = sourcecode.swift; path = NotEkleViewController.swift; sourceTree = "<group>"; };
		DA303F1F28301B540078B425 /* Notlar.swift */ = {isa = PBXFileReference; fileEncoding = 4; lastKnownFileType = sourcecode.swift; path = Notlar.swift; sourceTree = "<group>"; };
		DA303F2028301B540078B425 /* NotDetayViewController.swift */ = {isa = PBXFileReference; fileEncoding = 4; lastKnownFileType = sourcecode.swift; path = NotDetayViewController.swift; sourceTree = "<group>"; };
/* End PBXFileReference section */

/* Begin PBXFrameworksBuildPhase section */
		DA303F0328301AF30078B425 /* Frameworks */ = {
			isa = PBXFrameworksBuildPhase;
			buildActionMask = 2147483647;
			files = (
				1CBD884CCF32BDA795E17ADB /* Pods_udemy_alamofire_puan.framework in Frameworks */,
			);
			runOnlyForDeploymentPostprocessing = 0;
		};
/* End PBXFrameworksBuildPhase section */

/* Begin PBXGroup section */
		2610278299C1D909912677B3 /* Pods */ = {
			isa = PBXGroup;
			children = (
				2B589AD39D46CA9DA7D2A8E4 /* Pods-udemy_alamofire_puan.debug.xcconfig */,
				78A20AA9DFCCC1E2E586133A /* Pods-udemy_alamofire_puan.release.xcconfig */,
			);
			name = Pods;
			path = Pods;
			sourceTree = "<group>";
		};
		DA303EFD28301AF30078B425 = {
			isa = PBXGroup;
			children = (
				DA303F0828301AF30078B425 /* udemy_alamofire_puan */,
				DA303F0728301AF30078B425 /* Products */,
				2610278299C1D909912677B3 /* Pods */,
				F0C92D6926BD92A295870A92 /* Frameworks */,
			);
			sourceTree = "<group>";
		};
		DA303F0728301AF30078B425 /* Products */ = {
			isa = PBXGroup;
			children = (
				DA303F0628301AF30078B425 /* udemy_alamofire_puan.app */,
			);
			name = Products;
			sourceTree = "<group>";
		};
		DA303F0828301AF30078B425 /* udemy_alamofire_puan */ = {
			isa = PBXGroup;
			children = (
				DA303F0928301AF30078B425 /* AppDelegate.swift */,
				DA303F0B28301AF30078B425 /* SceneDelegate.swift */,
				DA303F0D28301AF30078B425 /* ViewController.swift */,
				DA303F1E28301B540078B425 /* NotEkleViewController.swift */,
				DA303F2028301B540078B425 /* NotDetayViewController.swift */,
				DA303F1D28301B530078B425 /* NotHucreTableViewCell.swift */,
				DA303F1F28301B540078B425 /* Notlar.swift */,
				DA303F0F28301AF30078B425 /* Main.storyboard */,
				DA303F1428301AF40078B425 /* LaunchScreen.storyboard */,
				DA303F1228301AF40078B425 /* Assets.xcassets */,
				DA303F1728301AF40078B425 /* Info.plist */,
			);
			path = udemy_alamofire_puan;
			sourceTree = "<group>";
		};
		F0C92D6926BD92A295870A92 /* Frameworks */ = {
			isa = PBXGroup;
			children = (
				596DD590805E2C20CEE5D757 /* Pods_udemy_alamofire_puan.framework */,
			);
			name = Frameworks;
			sourceTree = "<group>";
		};
/* End PBXGroup section */

/* Begin PBXNativeTarget section */
		DA303F0528301AF30078B425 /* udemy_alamofire_puan */ = {
			isa = PBXNativeTarget;
			buildConfigurationList = DA303F1A28301AF40078B425 /* Build configuration list for PBXNativeTarget "udemy_alamofire_puan" */;
			buildPhases = (
				BDA0670B06A2C6A501BA0D1E /* [CP] Check Pods Manifest.lock */,
				DA303F0228301AF30078B425 /* Sources */,
				DA303F0328301AF30078B425 /* Frameworks */,
				DA303F0428301AF30078B425 /* Resources */,
				8C5644548C1C893C0D14E069 /* [CP] Embed Pods Frameworks */,
			);
			buildRules = (
			);
			dependencies = (
			);
			name = udemy_alamofire_puan;
			productName = udemy_alamofire_puan;
			productReference = DA303F0628301AF30078B425 /* udemy_alamofire_puan.app */;
			productType = "com.apple.product-type.application";
		};
/* End PBXNativeTarget section */

/* Begin PBXProject section */
		DA303EFE28301AF30078B425 /* Project object */ = {
			isa = PBXProject;
			attributes = {
				BuildIndependentTargetsInParallel = 1;
				LastSwiftUpdateCheck = 1330;
				LastUpgradeCheck = 1330;
				TargetAttributes = {
					DA303F0528301AF30078B425 = {
						CreatedOnToolsVersion = 13.3.1;
					};
				};
			};
			buildConfigurationList = DA303F0128301AF30078B425 /* Build configuration list for PBXProject "udemy_alamofire_puan" */;
			compatibilityVersion = "Xcode 13.0";
			developmentRegion = en;
			hasScannedForEncodings = 0;
			knownRegions = (
				en,
				Base,
			);
			mainGroup = DA303EFD28301AF30078B425;
			productRefGroup = DA303F0728301AF30078B425 /* Products */;
			projectDirPath = "";
			projectRoot = "";
			targets = (
				DA303F0528301AF30078B425 /* udemy_alamofire_puan */,
			);
		};
/* End PBXProject section */

/* Begin PBXResourcesBuildPhase section */
		DA303F0428301AF30078B425 /* Resources */ = {
			isa = PBXResourcesBuildPhase;
			buildActionMask = 2147483647;
			files = (
				DA303F1628301AF40078B425 /* LaunchScreen.storyboard in Resources */,
				DA303F1328301AF40078B425 /* Assets.xcassets in Resources */,
				DA303F1128301AF30078B425 /* Main.storyboard in Resources */,
			);
			runOnlyForDeploymentPostprocessing = 0;
		};
/* End PBXResourcesBuildPhase section */

/* Begin PBXShellScriptBuildPhase section */
		8C5644548C1C893C0D14E069 /* [CP] Embed Pods Frameworks */ = {
			isa = PBXShellScriptBuildPhase;
			buildActionMask = 2147483647;
			files = (
			);
			inputFileListPaths = (
				"${PODS_ROOT}/Target Support Files/Pods-udemy_alamofire_puan/Pods-udemy_alamofire_puan-frameworks-${CONFIGURATION}-input-files.xcfilelist",
			);
			name = "[CP] Embed Pods Frameworks";
			outputFileListPaths = (
				"${PODS_ROOT}/Target Support Files/Pods-udemy_alamofire_puan/Pods-udemy_alamofire_puan-frameworks-${CONFIGURATION}-output-files.xcfilelist",
			);
			runOnlyForDeploymentPostprocessing = 0;
			shellPath = /bin/sh;
			shellScript = "\"${PODS_ROOT}/Target Support Files/Pods-udemy_alamofire_puan/Pods-udemy_alamofire_puan-frameworks.sh\"\n";
			showEnvVarsInLog = 0;
		};
		BDA0670B06A2C6A501BA0D1E /* [CP] Check Pods Manifest.lock */ = {
			isa = PBXShellScriptBuildPhase;
			buildActionMask = 2147483647;
			files = (
			);
			inputFileListPaths = (
			);
			inputPaths = (
				"${PODS_PODFILE_DIR_PATH}/Podfile.lock",
				"${PODS_ROOT}/Manifest.lock",
			);
			name = "[CP] Check Pods Manifest.lock";
			outputFileListPaths = (
			);
			outputPaths = (
				"$(DERIVED_FILE_DIR)/Pods-udemy_alamofire_puan-checkManifestLockResult.txt",
			);
			runOnlyForDeploymentPostprocessing = 0;
			shellPath = /bin/sh;
			shellScript = "diff \"${PODS_PODFILE_DIR_PATH}/Podfile.lock\" \"${PODS_ROOT}/Manifest.lock\" > /dev/null\nif [ $? != 0 ] ; then\n    # print error to STDERR\n    echo \"error: The sandbox is not in sync with the Podfile.lock. Run 'pod install' or update your CocoaPods installation.\" >&2\n    exit 1\nfi\n# This output is used by Xcode 'outputs' to avoid re-running this script phase.\necho \"SUCCESS\" > \"${SCRIPT_OUTPUT_FILE_0}\"\n";
			showEnvVarsInLog = 0;
		};
/* End PBXShellScriptBuildPhase section */

/* Begin PBXSourcesBuildPhase section */
		DA303F0228301AF30078B425 /* Sources */ = {
			isa = PBXSourcesBuildPhase;
			buildActionMask = 2147483647;
			files = (
				DA303F0E28301AF30078B425 /* ViewController.swift in Sources */,
				DA303F2228301B540078B425 /* NotEkleViewController.swift in Sources */,
				DA303F2128301B540078B425 /* NotHucreTableViewCell.swift in Sources */,
				DA303F2328301B540078B425 /* Notlar.swift in Sources */,
				DA303F0A28301AF30078B425 /* AppDelegate.swift in Sources */,
				DA303F0C28301AF30078B425 /* SceneDelegate.swift in Sources */,
				DA303F2428301B540078B425 /* NotDetayViewController.swift in Sources */,
			);
			runOnlyForDeploymentPostprocessing = 0;
		};
/* End PBXSourcesBuildPhase section */

/* Begin PBXVariantGroup section */
		DA303F0F28301AF30078B425 /* Main.storyboard */ = {
			isa = PBXVariantGroup;
			children = (
				DA303F1028301AF30078B425 /* Base */,
			);
			name = Main.storyboard;
			sourceTree = "<group>";
		};
		DA303F1428301AF40078B425 /* LaunchScreen.storyboard */ = {
			isa = PBXVariantGroup;
			children = (
				DA303F1528301AF40078B425 /* Base */,
			);
			name = LaunchScreen.storyboard;
			sourceTree = "<group>";
		};
/* End PBXVariantGroup section */

/* Begin XCBuildConfiguration section */
		DA303F1828301AF40078B425 /* Debug */ = {
			isa = XCBuildConfiguration;
			buildSettings = {
				ALWAYS_SEARCH_USER_PATHS = NO;
				CLANG_ANALYZER_NONNULL = YES;
				CLANG_ANALYZER_NUMBER_OBJECT_CONVERSION = YES_AGGRESSIVE;
				CLANG_CXX_LANGUAGE_STANDARD = "gnu++17";
				CLANG_ENABLE_MODULES = YES;
				CLANG_ENABLE_OBJC_ARC = YES;
				CLANG_ENABLE_OBJC_WEAK = YES;
				CLANG_WARN_BLOCK_CAPTURE_AUTORELEASING = YES;
				CLANG_WARN_BOOL_CONVERSION = YES;
				CLANG_WARN_COMMA = YES;
				CLANG_WARN_CONSTANT_CONVERSION = YES;
				CLANG_WARN_DEPRECATED_OBJC_IMPLEMENTATIONS = YES;
				CLANG_WARN_DIRECT_OBJC_ISA_USAGE = YES_ERROR;
				CLANG_WARN_DOCUMENTATION_COMMENTS = YES;
				CLANG_WARN_EMPTY_BODY = YES;
				CLANG_WARN_ENUM_CONVERSION = YES;
				CLANG_WARN_INFINITE_RECURSION = YES;
				CLANG_WARN_INT_CONVERSION = YES;
				CLANG_WARN_NON_LITERAL_NULL_CONVERSION = YES;
				CLANG_WARN_OBJC_IMPLICIT_RETAIN_SELF = YES;
				CLANG_WARN_OBJC_LITERAL_CONVERSION = YES;
				CLANG_WARN_OBJC_ROOT_CLASS = YES_ERROR;
				CLANG_WARN_QUOTED_INCLUDE_IN_FRAMEWORK_HEADER = YES;
				CLANG_WARN_RANGE_LOOP_ANALYSIS = YES;
				CLANG_WARN_STRICT_PROTOTYPES = YES;
				CLANG_WARN_SUSPICIOUS_MOVE = YES;
				CLANG_WARN_UNGUARDED_AVAILABILITY = YES_AGGRESSIVE;
				CLANG_WARN_UNREACHABLE_CODE = YES;
				CLANG_WARN__DUPLICATE_METHOD_MATCH = YES;
				COPY_PHASE_STRIP = NO;
				DEBUG_INFORMATION_FORMAT = dwarf;
				ENABLE_STRICT_OBJC_MSGSEND = YES;
				ENABLE_TESTABILITY = YES;
				GCC_C_LANGUAGE_STANDARD = gnu11;
				GCC_DYNAMIC_NO_PIC = NO;
				GCC_NO_COMMON_BLOCKS = YES;
				GCC_OPTIMIZATION_LEVEL = 0;
				GCC_PREPROCESSOR_DEFINITIONS = (
					"DEBUG=1",
					"$(inherited)",
				);
				GCC_WARN_64_TO_32_BIT_CONVERSION = YES;
				GCC_WARN_ABOUT_RETURN_TYPE = YES_ERROR;
				GCC_WARN_UNDECLARED_SELECTOR = YES;
				GCC_WARN_UNINITIALIZED_AUTOS = YES_AGGRESSIVE;
				GCC_WARN_UNUSED_FUNCTION = YES;
				GCC_WARN_UNUSED_VARIABLE = YES;
				IPHONEOS_DEPLOYMENT_TARGET = 15.4;
				MTL_ENABLE_DEBUG_INFO = INCLUDE_SOURCE;
				MTL_FAST_MATH = YES;
				ONLY_ACTIVE_ARCH = YES;
				SDKROOT = iphoneos;
				SWIFT_ACTIVE_COMPILATION_CONDITIONS = DEBUG;
				SWIFT_OPTIMIZATION_LEVEL = "-Onone";
			};
			name = Debug;
		};
		DA303F1928301AF40078B425 /* Release */ = {
			isa = XCBuildConfiguration;
			buildSettings = {
				ALWAYS_SEARCH_USER_PATHS = NO;
				CLANG_ANALYZER_NONNULL = YES;
				CLANG_ANALYZER_NUMBER_OBJECT_CONVERSION = YES_AGGRESSIVE;
				CLANG_CXX_LANGUAGE_STANDARD = "gnu++17";
				CLANG_ENABLE_MODULES = YES;
				CLANG_ENABLE_OBJC_ARC = YES;
				CLANG_ENABLE_OBJC_WEAK = YES;
				CLANG_WARN_BLOCK_CAPTURE_AUTORELEASING = YES;
				CLANG_WARN_BOOL_CONVERSION = YES;
				CLANG_WARN_COMMA = YES;
				CLANG_WARN_CONSTANT_CONVERSION = YES;
				CLANG_WARN_DEPRECATED_OBJC_IMPLEMENTATIONS = YES;
				CLANG_WARN_DIRECT_OBJC_ISA_USAGE = YES_ERROR;
				CLANG_WARN_DOCUMENTATION_COMMENTS = YES;
				CLANG_WARN_EMPTY_BODY = YES;
				CLANG_WARN_ENUM_CONVERSION = YES;
				CLANG_WARN_INFINITE_RECURSION = YES;
				CLANG_WARN_INT_CONVERSION = YES;
				CLANG_WARN_NON_LITERAL_NULL_CONVERSION = YES;
				CLANG_WARN_OBJC_IMPLICIT_RETAIN_SELF = YES;
				CLANG_WARN_OBJC_LITERAL_CONVERSION = YES;
				CLANG_WARN_OBJC_ROOT_CLASS = YES_ERROR;
				CLANG_WARN_QUOTED_INCLUDE_IN_FRAMEWORK_HEADER = YES;
				CLANG_WARN_RANGE_LOOP_ANALYSIS = YES;
				CLANG_WARN_STRICT_PROTOTYPES = YES;
				CLANG_WARN_SUSPICIOUS_MOVE = YES;
				CLANG_WARN_UNGUARDED_AVAILABILITY = YES_AGGRESSIVE;
				CLANG_WARN_UNREACHABLE_CODE = YES;
				CLANG_WARN__DUPLICATE_METHOD_MATCH = YES;
				COPY_PHASE_STRIP = NO;
				DEBUG_INFORMATION_FORMAT = "dwarf-with-dsym";
				ENABLE_NS_ASSERTIONS = NO;
				ENABLE_STRICT_OBJC_MSGSEND = YES;
				GCC_C_LANGUAGE_STANDARD = gnu11;
				GCC_NO_COMMON_BLOCKS = YES;
				GCC_WARN_64_TO_32_BIT_CONVERSION = YES;
				GCC_WARN_ABOUT_RETURN_TYPE = YES_ERROR;
				GCC_WARN_UNDECLARED_SELECTOR = YES;
				GCC_WARN_UNINITIALIZED_AUTOS = YES_AGGRESSIVE;
				GCC_WARN_UNUSED_FUNCTION = YES;
				GCC_WARN_UNUSED_VARIABLE = YES;
				IPHONEOS_DEPLOYMENT_TARGET = 15.4;
				MTL_ENABLE_DEBUG_INFO = NO;
				MTL_FAST_MATH = YES;
				SDKROOT = iphoneos;
				SWIFT_COMPILATION_MODE = wholemodule;
				SWIFT_OPTIMIZATION_LEVEL = "-O";
				VALIDATE_PRODUCT = YES;
			};
			name = Release;
		};
		DA303F1B28301AF40078B425 /* Debug */ = {
			isa = XCBuildConfiguration;
			baseConfigurationReference = 2B589AD39D46CA9DA7D2A8E4 /* Pods-udemy_alamofire_puan.debug.xcconfig */;
			buildSettings = {
				ASSETCATALOG_COMPILER_APPICON_NAME = AppIcon;
				ASSETCATALOG_COMPILER_GLOBAL_ACCENT_COLOR_NAME = AccentColor;
				CODE_SIGN_STYLE = Automatic;
				CURRENT_PROJECT_VERSION = 1;
				DEVELOPMENT_TEAM = PFMP7MNJM2;
				GENERATE_INFOPLIST_FILE = YES;
				INFOPLIST_FILE = udemy_alamofire_puan/Info.plist;
				INFOPLIST_KEY_UIApplicationSupportsIndirectInputEvents = YES;
				INFOPLIST_KEY_UILaunchStoryboardName = LaunchScreen;
				INFOPLIST_KEY_UIMainStoryboardFile = Main;
				INFOPLIST_KEY_UISupportedInterfaceOrientations_iPad = "UIInterfaceOrientationPortrait UIInterfaceOrientationPortraitUpsideDown UIInterfaceOrientationLandscapeLeft UIInterfaceOrientationLandscapeRight";
				INFOPLIST_KEY_UISupportedInterfaceOrientations_iPhone = "UIInterfaceOrientationPortrait UIInterfaceOrientationLandscapeLeft UIInterfaceOrientationLandscapeRight";
				LD_RUNPATH_SEARCH_PATHS = (
					"$(inherited)",
					"@executable_path/Frameworks",
				);
				MARKETING_VERSION = 1.0;
				PRODUCT_BUNDLE_IDENTIFIER = "com.erenveudemy.udemy-alamofire-puan";
				PRODUCT_NAME = "$(TARGET_NAME)";
				SWIFT_EMIT_LOC_STRINGS = YES;
				SWIFT_VERSION = 5.0;
				TARGETED_DEVICE_FAMILY = "1,2";
			};
			name = Debug;
		};
		DA303F1C28301AF40078B425 /* Release */ = {
			isa = XCBuildConfiguration;
			baseConfigurationReference = 78A20AA9DFCCC1E2E586133A /* Pods-udemy_alamofire_puan.release.xcconfig */;
			buildSettings = {
				ASSETCATALOG_COMPILER_APPICON_NAME = AppIcon;
				ASSETCATALOG_COMPILER_GLOBAL_ACCENT_COLOR_NAME = AccentColor;
				CODE_SIGN_STYLE = Automatic;
				CURRENT_PROJECT_VERSION = 1;
				DEVELOPMENT_TEAM = PFMP7MNJM2;
				GENERATE_INFOPLIST_FILE = YES;
				INFOPLIST_FILE = udemy_alamofire_puan/Info.plist;
				INFOPLIST_KEY_UIApplicationSupportsIndirectInputEvents = YES;
				INFOPLIST_KEY_UILaunchStoryboardName = LaunchScreen;
				INFOPLIST_KEY_UIMainStoryboardFile = Main;
				INFOPLIST_KEY_UISupportedInterfaceOrientations_iPad = "UIInterfaceOrientationPortrait UIInterfaceOrientationPortraitUpsideDown UIInterfaceOrientationLandscapeLeft UIInterfaceOrientationLandscapeRight";
				INFOPLIST_KEY_UISupportedInterfaceOrientations_iPhone = "UIInterfaceOrientationPortrait UIInterfaceOrientationLandscapeLeft UIInterfaceOrientationLandscapeRight";
				LD_RUNPATH_SEARCH_PATHS = (
					"$(inherited)",
					"@executable_path/Frameworks",
				);
				MARKETING_VERSION = 1.0;
				PRODUCT_BUNDLE_IDENTIFIER = "com.erenveudemy.udemy-alamofire-puan";
				PRODUCT_NAME = "$(TARGET_NAME)";
				SWIFT_EMIT_LOC_STRINGS = YES;
				SWIFT_VERSION = 5.0;
				TARGETED_DEVICE_FAMILY = "1,2";
			};
			name = Release;
		};
/* End XCBuildConfiguration section */

/* Begin XCConfigurationList section */
		DA303F0128301AF30078B425 /* Build configuration list for PBXProject "udemy_alamofire_puan" */ = {
			isa = XCConfigurationList;
			buildConfigurations = (
				DA303F1828301AF40078B425 /* Debug */,
				DA303F1928301AF40078B425 /* Release */,
			);
			defaultConfigurationIsVisible = 0;
			defaultConfigurationName = Release;
		};
		DA303F1A28301AF40078B425 /* Build configuration list for PBXNativeTarget "udemy_alamofire_puan" */ = {
			isa = XCConfigurationList;
			buildConfigurations = (
				DA303F1B28301AF40078B425 /* Debug */,
				DA303F1C28301AF40078B425 /* Release */,
			);
			defaultConfigurationIsVisible = 0;
			defaultConfigurationName = Release;
		};
/* End XCConfigurationList section */
	};
	rootObject = DA303EFE28301AF30078B425 /* Project object */;
}
